PODS:
  - NJKWebViewProgress (0.2.3):
    - NJKWebViewProgress/Core (= 0.2.3)
    - NJKWebViewProgress/ProgressView (= 0.2.3)
  - NJKWebViewProgress/Core (0.2.3)
  - NJKWebViewProgress/ProgressView (0.2.3)
  - UALogger (0.3)

DEPENDENCIES:
  - NJKWebViewProgress
  - UALogger (~> 0.3)

SPEC CHECKSUMS:
  NJKWebViewProgress: f481fd424cb5ecc27eacae11b5397db92fba9a4d
  UALogger: ccc041e5982dbd274ab5805f914076fef9bf29cf

COCOAPODS: 0.37.2
